// !$*UTF8*$!
{
	archiveVersion = 1;
	classes = {
	};
	objectVersion = 46;
	objects = {

/* Begin PBXBuildFile section */
		13159D5C195BB69F007B9218 /* MainScreenHeaderView.m in Sources */ = {isa = PBXBuildFile; fileRef = 13159D5B195BB69F007B9218 /* MainScreenHeaderView.m */; };
		13159D60195BBFC0007B9218 /* DownloadManager.m in Sources */ = {isa = PBXBuildFile; fileRef = 13159D5F195BBFC0007B9218 /* DownloadManager.m */; };
		1324713E197AF98B00914FF1 /* ZLBCloudManager.m in Sources */ = {isa = PBXBuildFile; fileRef = 1324713D197AF98B00914FF1 /* ZLBCloudManager.m */; };
		13247144197B40C100914FF1 /* Book.m in Sources */ = {isa = PBXBuildFile; fileRef = 13247143197B40C100914FF1 /* Book.m */; };
		1327758D195A896700C96B5F /* BookShelf.m in Sources */ = {isa = PBXBuildFile; fileRef = 1327758C195A896700C96B5F /* BookShelf.m */; };
		133A3DBD197E126A003BB890 /* search.png in Resources */ = {isa = PBXBuildFile; fileRef = 133A3DBB197E126A003BB890 /* search.png */; };
		133A3DBE197E126A003BB890 /* search@2x.png in Resources */ = {isa = PBXBuildFile; fileRef = 133A3DBC197E126A003BB890 /* search@2x.png */; };
		133C718A1957C37100EE6E7D /* MainScreenViewController.m in Sources */ = {isa = PBXBuildFile; fileRef = 133C71881957C37100EE6E7D /* MainScreenViewController.m */; };
		133C718B1957C37100EE6E7D /* MainScreenViewController.xib in Resources */ = {isa = PBXBuildFile; fileRef = 133C71891957C37100EE6E7D /* MainScreenViewController.xib */; };
		133C718F1957CBDE00EE6E7D /* BookDetailViewController.m in Sources */ = {isa = PBXBuildFile; fileRef = 133C718D1957CBDE00EE6E7D /* BookDetailViewController.m */; };
		133C71901957CBDE00EE6E7D /* BookDetailViewController.xib in Resources */ = {isa = PBXBuildFile; fileRef = 133C718E1957CBDE00EE6E7D /* BookDetailViewController.xib */; };
		13416F16195FAB4700F653DF /* quotes.json in Resources */ = {isa = PBXBuildFile; fileRef = 13416F15195FAB4700F653DF /* quotes.json */; };
		13416F22195FB89600F653DF /* bannerImage1.jpg in Resources */ = {isa = PBXBuildFile; fileRef = 13416F18195FB89600F653DF /* bannerImage1.jpg */; };
		13416F23195FB89600F653DF /* bannerImage2.jpg in Resources */ = {isa = PBXBuildFile; fileRef = 13416F19195FB89600F653DF /* bannerImage2.jpg */; };
		13416F24195FB89600F653DF /* bannerImage3.jpg in Resources */ = {isa = PBXBuildFile; fileRef = 13416F1A195FB89600F653DF /* bannerImage3.jpg */; };
		13416F25195FB89600F653DF /* bannerImage4.jpg in Resources */ = {isa = PBXBuildFile; fileRef = 13416F1B195FB89600F653DF /* bannerImage4.jpg */; };
		13416F26195FB89600F653DF /* bannerImage5.jpg in Resources */ = {isa = PBXBuildFile; fileRef = 13416F1C195FB89600F653DF /* bannerImage5.jpg */; };
		13416F27195FB89600F653DF /* bannerImage6.jpg in Resources */ = {isa = PBXBuildFile; fileRef = 13416F1D195FB89600F653DF /* bannerImage6.jpg */; };
		13416F28195FB89600F653DF /* bannerImage7.jpg in Resources */ = {isa = PBXBuildFile; fileRef = 13416F1E195FB89600F653DF /* bannerImage7.jpg */; };
		13416F29195FB89600F653DF /* bannerImage8.jpg in Resources */ = {isa = PBXBuildFile; fileRef = 13416F1F195FB89600F653DF /* bannerImage8.jpg */; };
		13416F2A195FB89600F653DF /* bannerImage9.jpg in Resources */ = {isa = PBXBuildFile; fileRef = 13416F20195FB89600F653DF /* bannerImage9.jpg */; };
		13416F2B195FB89600F653DF /* bannerImage10.jpg in Resources */ = {isa = PBXBuildFile; fileRef = 13416F21195FB89600F653DF /* bannerImage10.jpg */; };
		13416F39195FBE6F00F653DF /* bannerImage12.jpg in Resources */ = {isa = PBXBuildFile; fileRef = 13416F2C195FBE6F00F653DF /* bannerImage12.jpg */; };
		13416F3A195FBE6F00F653DF /* bannerImage13.jpg in Resources */ = {isa = PBXBuildFile; fileRef = 13416F2D195FBE6F00F653DF /* bannerImage13.jpg */; };
		13416F3B195FBE6F00F653DF /* bannerImage14.jpg in Resources */ = {isa = PBXBuildFile; fileRef = 13416F2E195FBE6F00F653DF /* bannerImage14.jpg */; };
		13416F3C195FBE6F00F653DF /* bannerImage15.jpg in Resources */ = {isa = PBXBuildFile; fileRef = 13416F2F195FBE6F00F653DF /* bannerImage15.jpg */; };
		13416F3D195FBE6F00F653DF /* bannerImage16.jpg in Resources */ = {isa = PBXBuildFile; fileRef = 13416F30195FBE6F00F653DF /* bannerImage16.jpg */; };
		13416F3E195FBE6F00F653DF /* bannerImage17.jpg in Resources */ = {isa = PBXBuildFile; fileRef = 13416F31195FBE6F00F653DF /* bannerImage17.jpg */; };
		13416F3F195FBE6F00F653DF /* bannerImage18.jpg in Resources */ = {isa = PBXBuildFile; fileRef = 13416F32195FBE6F00F653DF /* bannerImage18.jpg */; };
		13416F40195FBE6F00F653DF /* bannerImage19.jpg in Resources */ = {isa = PBXBuildFile; fileRef = 13416F33195FBE6F00F653DF /* bannerImage19.jpg */; };
		13416F41195FBE6F00F653DF /* bannerImage20.jpg in Resources */ = {isa = PBXBuildFile; fileRef = 13416F34195FBE6F00F653DF /* bannerImage20.jpg */; };
		13416F42195FBE6F00F653DF /* bannerImage21.jpg in Resources */ = {isa = PBXBuildFile; fileRef = 13416F35195FBE6F00F653DF /* bannerImage21.jpg */; };
		13416F43195FBE6F00F653DF /* bannerImage22.jpg in Resources */ = {isa = PBXBuildFile; fileRef = 13416F36195FBE6F00F653DF /* bannerImage22.jpg */; };
		13416F44195FBE6F00F653DF /* bannerImage23.jpg in Resources */ = {isa = PBXBuildFile; fileRef = 13416F37195FBE6F00F653DF /* bannerImage23.jpg */; };
		13416F45195FBE6F00F653DF /* bannerImage24.jpg in Resources */ = {isa = PBXBuildFile; fileRef = 13416F38195FBE6F00F653DF /* bannerImage24.jpg */; };
		13450BE3197B4E5200E0D2CB /* ZLBCloudConstants.m in Sources */ = {isa = PBXBuildFile; fileRef = 13450BE2197B4E5200E0D2CB /* ZLBCloudConstants.m */; };
		135D69AF194A9E9300EC8C3D /* main.m in Sources */ = {isa = PBXBuildFile; fileRef = 135D69AE194A9E9300EC8C3D /* main.m */; };
		135D69B2194A9E9300EC8C3D /* AppDelegate.m in Sources */ = {isa = PBXBuildFile; fileRef = 135D69B1194A9E9300EC8C3D /* AppDelegate.m */; };
		135D69B5194A9E9300EC8C3D /* BooksBooksBooks.xcdatamodeld in Sources */ = {isa = PBXBuildFile; fileRef = 135D69B3194A9E9300EC8C3D /* BooksBooksBooks.xcdatamodeld */; };
		135D69B7194A9E9300EC8C3D /* Images.xcassets in Resources */ = {isa = PBXBuildFile; fileRef = 135D69B6194A9E9300EC8C3D /* Images.xcassets */; };
		135D69C3194A9E9300EC8C3D /* BooksBooksBooksTests.m in Sources */ = {isa = PBXBuildFile; fileRef = 135D69C2194A9E9300EC8C3D /* BooksBooksBooksTests.m */; };
		135D69D8194AA90000EC8C3D /* AddViewController.m in Sources */ = {isa = PBXBuildFile; fileRef = 135D69D6194AA90000EC8C3D /* AddViewController.m */; };
		135D69D9194AA90000EC8C3D /* AddViewController.xib in Resources */ = {isa = PBXBuildFile; fileRef = 135D69D7194AA90000EC8C3D /* AddViewController.xib */; };
		135E7301196CFEEE001B24D9 /* ZLBAnalytics.m in Sources */ = {isa = PBXBuildFile; fileRef = 135E7300196CFEEE001B24D9 /* ZLBAnalytics.m */; };
		135FC37E19592371007C5D1D /* Book+Constants.m in Sources */ = {isa = PBXBuildFile; fileRef = 135FC37D19592371007C5D1D /* Book+Constants.m */; };
		1366F09219857CFA0044190A /* UIViewController+ZLBBannerView.m in Sources */ = {isa = PBXBuildFile; fileRef = 1366F09119857CFA0044190A /* UIViewController+ZLBBannerView.m */; };
		138322AE1978C7CF00378F85 /* CloudKit.framework in Frameworks */ = {isa = PBXBuildFile; fileRef = 138322AD1978C7CF00378F85 /* CloudKit.framework */; };
		138DE7F619592F51002DBC21 /* MainScreenTableViewCell.m in Sources */ = {isa = PBXBuildFile; fileRef = 138DE7F419592F51002DBC21 /* MainScreenTableViewCell.m */; };
		138DE7F719592F51002DBC21 /* MainScreenTableViewCell.xib in Resources */ = {isa = PBXBuildFile; fileRef = 138DE7F519592F51002DBC21 /* MainScreenTableViewCell.xib */; };
		138DE7FB19594344002DBC21 /* BookCollectionViewCell.m in Sources */ = {isa = PBXBuildFile; fileRef = 138DE7F919594344002DBC21 /* BookCollectionViewCell.m */; };
		138DE7FC19594344002DBC21 /* BookCollectionViewCell.xib in Resources */ = {isa = PBXBuildFile; fileRef = 138DE7FA19594344002DBC21 /* BookCollectionViewCell.xib */; };
		1391DF2A1985785E00A06677 /* ZLBReachability.m in Sources */ = {isa = PBXBuildFile; fileRef = 1391DF291985785E00A06677 /* ZLBReachability.m */; };
		139C65291957D1BB009BB746 /* DataController.m in Sources */ = {isa = PBXBuildFile; fileRef = 139C65281957D1BB009BB746 /* DataController.m */; };
		13AEBA79194FEEF700E3B681 /* SearchResultsTableViewCell.m in Sources */ = {isa = PBXBuildFile; fileRef = 13AEBA77194FEEF700E3B681 /* SearchResultsTableViewCell.m */; };
		13AEBA7A194FEEF700E3B681 /* SearchResultsTableViewCell.xib in Resources */ = {isa = PBXBuildFile; fileRef = 13AEBA78194FEEF700E3B681 /* SearchResultsTableViewCell.xib */; };
		13BA9F6A194BF49D007980D7 /* UIView+Borders.m in Sources */ = {isa = PBXBuildFile; fileRef = 13BA9F69194BF49D007980D7 /* UIView+Borders.m */; };
		13BA9F7C194C1832007980D7 /* SearchResultsViewController.m in Sources */ = {isa = PBXBuildFile; fileRef = 13BA9F7A194C1832007980D7 /* SearchResultsViewController.m */; };
		13BA9F7D194C1832007980D7 /* SearchResultsViewController.xib in Resources */ = {isa = PBXBuildFile; fileRef = 13BA9F7B194C1832007980D7 /* SearchResultsViewController.xib */; };
		13C53F47194AC05C00705DE1 /* TFBarcode.m in Sources */ = {isa = PBXBuildFile; fileRef = 13C53F41194AC05C00705DE1 /* TFBarcode.m */; };
		13C53F48194AC05C00705DE1 /* TFBarcodeScanner.m in Sources */ = {isa = PBXBuildFile; fileRef = 13C53F44194AC05C00705DE1 /* TFBarcodeScanner.m */; };
		13C53F49194AC05C00705DE1 /* TFBarcodeScannerViewController.m in Sources */ = {isa = PBXBuildFile; fileRef = 13C53F46194AC05C00705DE1 /* TFBarcodeScannerViewController.m */; };
		13C53F4B194AC0BF00705DE1 /* CoreGraphics.framework in Frameworks */ = {isa = PBXBuildFile; fileRef = 13C53F4A194AC0BF00705DE1 /* CoreGraphics.framework */; };
		13C53F4D194AC8E700705DE1 /* QuartzCore.framework in Frameworks */ = {isa = PBXBuildFile; fileRef = 13C53F4C194AC8E700705DE1 /* QuartzCore.framework */; };
		13D685351968DA78005C16F1 /* ChangeBookDetailsViewController.m in Sources */ = {isa = PBXBuildFile; fileRef = 13D685331968DA78005C16F1 /* ChangeBookDetailsViewController.m */; };
		13D685361968DA78005C16F1 /* ChangeBookDetailsViewController.xib in Resources */ = {isa = PBXBuildFile; fileRef = 13D685341968DA78005C16F1 /* ChangeBookDetailsViewController.xib */; };
		13DB17F9195A9DDC00BB23F6 /* bannerImage11.jpg in Resources */ = {isa = PBXBuildFile; fileRef = 13DB17F8195A9DDC00BB23F6 /* bannerImage11.jpg */; };
		9B6CCFD4ADEB43F3AB5D0602 /* libPods-BooksBooksBooks.a in Frameworks */ = {isa = PBXBuildFile; fileRef = 1FAF38A810564B1AADA94EE8 /* libPods-BooksBooksBooks.a */; };
/* End PBXBuildFile section */

/* Begin PBXContainerItemProxy section */
		135D69BD194A9E9300EC8C3D /* PBXContainerItemProxy */ = {
			isa = PBXContainerItemProxy;
			containerPortal = 135D69A1194A9E9300EC8C3D /* Project object */;
			proxyType = 1;
			remoteGlobalIDString = 135D69A8194A9E9300EC8C3D;
			remoteInfo = BooksBooksBooks;
		};
/* End PBXContainerItemProxy section */

/* Begin PBXFileReference section */
		13159D5A195BB69F007B9218 /* MainScreenHeaderView.h */ = {isa = PBXFileReference; fileEncoding = 4; lastKnownFileType = sourcecode.c.h; path = MainScreenHeaderView.h; sourceTree = "<group>"; };
		13159D5B195BB69F007B9218 /* MainScreenHeaderView.m */ = {isa = PBXFileReference; fileEncoding = 4; lastKnownFileType = sourcecode.c.objc; path = MainScreenHeaderView.m; sourceTree = "<group>"; };
		13159D5E195BBFC0007B9218 /* DownloadManager.h */ = {isa = PBXFileReference; fileEncoding = 4; lastKnownFileType = sourcecode.c.h; path = DownloadManager.h; sourceTree = "<group>"; };
		13159D5F195BBFC0007B9218 /* DownloadManager.m */ = {isa = PBXFileReference; fileEncoding = 4; lastKnownFileType = sourcecode.c.objc; path = DownloadManager.m; sourceTree = "<group>"; };
		1324713C197AF98B00914FF1 /* ZLBCloudManager.h */ = {isa = PBXFileReference; fileEncoding = 4; lastKnownFileType = sourcecode.c.h; path = ZLBCloudManager.h; sourceTree = "<group>"; };
		1324713D197AF98B00914FF1 /* ZLBCloudManager.m */ = {isa = PBXFileReference; fileEncoding = 4; lastKnownFileType = sourcecode.c.objc; path = ZLBCloudManager.m; sourceTree = "<group>"; };
		13247142197B40C100914FF1 /* Book.h */ = {isa = PBXFileReference; fileEncoding = 4; lastKnownFileType = sourcecode.c.h; path = Book.h; sourceTree = "<group>"; };
		13247143197B40C100914FF1 /* Book.m */ = {isa = PBXFileReference; fileEncoding = 4; lastKnownFileType = sourcecode.c.objc; path = Book.m; sourceTree = "<group>"; };
		1327758B195A896700C96B5F /* BookShelf.h */ = {isa = PBXFileReference; fileEncoding = 4; lastKnownFileType = sourcecode.c.h; path = BookShelf.h; sourceTree = "<group>"; };
		1327758C195A896700C96B5F /* BookShelf.m */ = {isa = PBXFileReference; fileEncoding = 4; lastKnownFileType = sourcecode.c.objc; path = BookShelf.m; sourceTree = "<group>"; };
		133A3DBB197E126A003BB890 /* search.png */ = {isa = PBXFileReference; lastKnownFileType = image.png; path = search.png; sourceTree = "<group>"; };
		133A3DBC197E126A003BB890 /* search@2x.png */ = {isa = PBXFileReference; lastKnownFileType = image.png; path = "search@2x.png"; sourceTree = "<group>"; };
		133C71871957C37100EE6E7D /* MainScreenViewController.h */ = {isa = PBXFileReference; fileEncoding = 4; lastKnownFileType = sourcecode.c.h; path = MainScreenViewController.h; sourceTree = "<group>"; };
		133C71881957C37100EE6E7D /* MainScreenViewController.m */ = {isa = PBXFileReference; fileEncoding = 4; lastKnownFileType = sourcecode.c.objc; path = MainScreenViewController.m; sourceTree = "<group>"; };
		133C71891957C37100EE6E7D /* MainScreenViewController.xib */ = {isa = PBXFileReference; fileEncoding = 4; lastKnownFileType = file.xib; path = MainScreenViewController.xib; sourceTree = "<group>"; };
		133C718C1957CBDE00EE6E7D /* BookDetailViewController.h */ = {isa = PBXFileReference; fileEncoding = 4; lastKnownFileType = sourcecode.c.h; path = BookDetailViewController.h; sourceTree = "<group>"; };
		133C718D1957CBDE00EE6E7D /* BookDetailViewController.m */ = {isa = PBXFileReference; fileEncoding = 4; lastKnownFileType = sourcecode.c.objc; path = BookDetailViewController.m; sourceTree = "<group>"; };
		133C718E1957CBDE00EE6E7D /* BookDetailViewController.xib */ = {isa = PBXFileReference; fileEncoding = 4; lastKnownFileType = file.xib; path = BookDetailViewController.xib; sourceTree = "<group>"; };
		13416F15195FAB4700F653DF /* quotes.json */ = {isa = PBXFileReference; fileEncoding = 4; lastKnownFileType = text.json; path = quotes.json; sourceTree = "<group>"; };
		13416F18195FB89600F653DF /* bannerImage1.jpg */ = {isa = PBXFileReference; lastKnownFileType = image.jpeg; path = bannerImage1.jpg; sourceTree = "<group>"; };
		13416F19195FB89600F653DF /* bannerImage2.jpg */ = {isa = PBXFileReference; lastKnownFileType = image.jpeg; path = bannerImage2.jpg; sourceTree = "<group>"; };
		13416F1A195FB89600F653DF /* bannerImage3.jpg */ = {isa = PBXFileReference; lastKnownFileType = image.jpeg; path = bannerImage3.jpg; sourceTree = "<group>"; };
		13416F1B195FB89600F653DF /* bannerImage4.jpg */ = {isa = PBXFileReference; lastKnownFileType = image.jpeg; path = bannerImage4.jpg; sourceTree = "<group>"; };
		13416F1C195FB89600F653DF /* bannerImage5.jpg */ = {isa = PBXFileReference; lastKnownFileType = image.jpeg; path = bannerImage5.jpg; sourceTree = "<group>"; };
		13416F1D195FB89600F653DF /* bannerImage6.jpg */ = {isa = PBXFileReference; lastKnownFileType = image.jpeg; path = bannerImage6.jpg; sourceTree = "<group>"; };
		13416F1E195FB89600F653DF /* bannerImage7.jpg */ = {isa = PBXFileReference; lastKnownFileType = image.jpeg; path = bannerImage7.jpg; sourceTree = "<group>"; };
		13416F1F195FB89600F653DF /* bannerImage8.jpg */ = {isa = PBXFileReference; lastKnownFileType = image.jpeg; path = bannerImage8.jpg; sourceTree = "<group>"; };
		13416F20195FB89600F653DF /* bannerImage9.jpg */ = {isa = PBXFileReference; lastKnownFileType = image.jpeg; path = bannerImage9.jpg; sourceTree = "<group>"; };
		13416F21195FB89600F653DF /* bannerImage10.jpg */ = {isa = PBXFileReference; lastKnownFileType = image.jpeg; path = bannerImage10.jpg; sourceTree = "<group>"; };
		13416F2C195FBE6F00F653DF /* bannerImage12.jpg */ = {isa = PBXFileReference; lastKnownFileType = image.jpeg; path = bannerImage12.jpg; sourceTree = "<group>"; };
		13416F2D195FBE6F00F653DF /* bannerImage13.jpg */ = {isa = PBXFileReference; lastKnownFileType = image.jpeg; path = bannerImage13.jpg; sourceTree = "<group>"; };
		13416F2E195FBE6F00F653DF /* bannerImage14.jpg */ = {isa = PBXFileReference; lastKnownFileType = image.jpeg; path = bannerImage14.jpg; sourceTree = "<group>"; };
		13416F2F195FBE6F00F653DF /* bannerImage15.jpg */ = {isa = PBXFileReference; lastKnownFileType = image.jpeg; path = bannerImage15.jpg; sourceTree = "<group>"; };
		13416F30195FBE6F00F653DF /* bannerImage16.jpg */ = {isa = PBXFileReference; lastKnownFileType = image.jpeg; path = bannerImage16.jpg; sourceTree = "<group>"; };
		13416F31195FBE6F00F653DF /* bannerImage17.jpg */ = {isa = PBXFileReference; lastKnownFileType = image.jpeg; path = bannerImage17.jpg; sourceTree = "<group>"; };
		13416F32195FBE6F00F653DF /* bannerImage18.jpg */ = {isa = PBXFileReference; lastKnownFileType = image.jpeg; path = bannerImage18.jpg; sourceTree = "<group>"; };
		13416F33195FBE6F00F653DF /* bannerImage19.jpg */ = {isa = PBXFileReference; lastKnownFileType = image.jpeg; path = bannerImage19.jpg; sourceTree = "<group>"; };
		13416F34195FBE6F00F653DF /* bannerImage20.jpg */ = {isa = PBXFileReference; lastKnownFileType = image.jpeg; path = bannerImage20.jpg; sourceTree = "<group>"; };
		13416F35195FBE6F00F653DF /* bannerImage21.jpg */ = {isa = PBXFileReference; lastKnownFileType = image.jpeg; path = bannerImage21.jpg; sourceTree = "<group>"; };
		13416F36195FBE6F00F653DF /* bannerImage22.jpg */ = {isa = PBXFileReference; lastKnownFileType = image.jpeg; path = bannerImage22.jpg; sourceTree = "<group>"; };
		13416F37195FBE6F00F653DF /* bannerImage23.jpg */ = {isa = PBXFileReference; lastKnownFileType = image.jpeg; path = bannerImage23.jpg; sourceTree = "<group>"; };
		13416F38195FBE6F00F653DF /* bannerImage24.jpg */ = {isa = PBXFileReference; lastKnownFileType = image.jpeg; path = bannerImage24.jpg; sourceTree = "<group>"; };
		13450BE1197B4E5200E0D2CB /* ZLBCloudConstants.h */ = {isa = PBXFileReference; fileEncoding = 4; lastKnownFileType = sourcecode.c.h; path = ZLBCloudConstants.h; sourceTree = "<group>"; };
		13450BE2197B4E5200E0D2CB /* ZLBCloudConstants.m */ = {isa = PBXFileReference; fileEncoding = 4; lastKnownFileType = sourcecode.c.objc; path = ZLBCloudConstants.m; sourceTree = "<group>"; };
		135D69A9194A9E9300EC8C3D /* BooksBooksBooks.app */ = {isa = PBXFileReference; explicitFileType = wrapper.application; includeInIndex = 0; path = BooksBooksBooks.app; sourceTree = BUILT_PRODUCTS_DIR; };
		135D69AD194A9E9300EC8C3D /* Info.plist */ = {isa = PBXFileReference; lastKnownFileType = text.plist.xml; path = Info.plist; sourceTree = "<group>"; };
		135D69AE194A9E9300EC8C3D /* main.m */ = {isa = PBXFileReference; lastKnownFileType = sourcecode.c.objc; path = main.m; sourceTree = "<group>"; };
		135D69B0194A9E9300EC8C3D /* AppDelegate.h */ = {isa = PBXFileReference; lastKnownFileType = sourcecode.c.h; path = AppDelegate.h; sourceTree = "<group>"; };
		135D69B1194A9E9300EC8C3D /* AppDelegate.m */ = {isa = PBXFileReference; lastKnownFileType = sourcecode.c.objc; path = AppDelegate.m; sourceTree = "<group>"; };
		135D69B4194A9E9300EC8C3D /* BooksBooksBooks.xcdatamodel */ = {isa = PBXFileReference; lastKnownFileType = wrapper.xcdatamodel; path = BooksBooksBooks.xcdatamodel; sourceTree = "<group>"; };
		135D69B6194A9E9300EC8C3D /* Images.xcassets */ = {isa = PBXFileReference; lastKnownFileType = folder.assetcatalog; path = Images.xcassets; sourceTree = "<group>"; };
		135D69BC194A9E9300EC8C3D /* BooksBooksBooksTests.xctest */ = {isa = PBXFileReference; explicitFileType = wrapper.cfbundle; includeInIndex = 0; path = BooksBooksBooksTests.xctest; sourceTree = BUILT_PRODUCTS_DIR; };
		135D69C1194A9E9300EC8C3D /* Info.plist */ = {isa = PBXFileReference; lastKnownFileType = text.plist.xml; path = Info.plist; sourceTree = "<group>"; };
		135D69C2194A9E9300EC8C3D /* BooksBooksBooksTests.m */ = {isa = PBXFileReference; lastKnownFileType = sourcecode.c.objc; path = BooksBooksBooksTests.m; sourceTree = "<group>"; };
		135D69CC194A9EF000EC8C3D /* Constants.h */ = {isa = PBXFileReference; lastKnownFileType = sourcecode.c.h; path = Constants.h; sourceTree = "<group>"; };
		135D69D5194AA90000EC8C3D /* AddViewController.h */ = {isa = PBXFileReference; fileEncoding = 4; lastKnownFileType = sourcecode.c.h; path = AddViewController.h; sourceTree = "<group>"; };
		135D69D6194AA90000EC8C3D /* AddViewController.m */ = {isa = PBXFileReference; fileEncoding = 4; lastKnownFileType = sourcecode.c.objc; path = AddViewController.m; sourceTree = "<group>"; };
		135D69D7194AA90000EC8C3D /* AddViewController.xib */ = {isa = PBXFileReference; fileEncoding = 4; lastKnownFileType = file.xib; path = AddViewController.xib; sourceTree = "<group>"; };
		135E72FF196CFEEE001B24D9 /* ZLBAnalytics.h */ = {isa = PBXFileReference; fileEncoding = 4; lastKnownFileType = sourcecode.c.h; path = ZLBAnalytics.h; sourceTree = "<group>"; };
		135E7300196CFEEE001B24D9 /* ZLBAnalytics.m */ = {isa = PBXFileReference; fileEncoding = 4; lastKnownFileType = sourcecode.c.objc; path = ZLBAnalytics.m; sourceTree = "<group>"; };
		135FC37C19592371007C5D1D /* Book+Constants.h */ = {isa = PBXFileReference; fileEncoding = 4; lastKnownFileType = sourcecode.c.h; path = "Book+Constants.h"; sourceTree = "<group>"; };
		135FC37D19592371007C5D1D /* Book+Constants.m */ = {isa = PBXFileReference; fileEncoding = 4; lastKnownFileType = sourcecode.c.objc; path = "Book+Constants.m"; sourceTree = "<group>"; };
		1361557F195F58DD004B8095 /* PushViewControllerProtocol.h */ = {isa = PBXFileReference; fileEncoding = 4; lastKnownFileType = sourcecode.c.h; path = PushViewControllerProtocol.h; sourceTree = "<group>"; };
		1366F09019857CFA0044190A /* UIViewController+ZLBBannerView.h */ = {isa = PBXFileReference; fileEncoding = 4; lastKnownFileType = sourcecode.c.h; path = "UIViewController+ZLBBannerView.h"; sourceTree = "<group>"; };
		1366F09119857CFA0044190A /* UIViewController+ZLBBannerView.m */ = {isa = PBXFileReference; fileEncoding = 4; lastKnownFileType = sourcecode.c.objc; path = "UIViewController+ZLBBannerView.m"; sourceTree = "<group>"; };
		138322AC1978C7C500378F85 /* BooksBooksBooks.entitlements */ = {isa = PBXFileReference; lastKnownFileType = text.xml; path = BooksBooksBooks.entitlements; sourceTree = "<group>"; };
		138322AD1978C7CF00378F85 /* CloudKit.framework */ = {isa = PBXFileReference; lastKnownFileType = wrapper.framework; name = CloudKit.framework; path = System/Library/Frameworks/CloudKit.framework; sourceTree = SDKROOT; };
		138DE7F319592F51002DBC21 /* MainScreenTableViewCell.h */ = {isa = PBXFileReference; fileEncoding = 4; lastKnownFileType = sourcecode.c.h; path = MainScreenTableViewCell.h; sourceTree = "<group>"; };
		138DE7F419592F51002DBC21 /* MainScreenTableViewCell.m */ = {isa = PBXFileReference; fileEncoding = 4; lastKnownFileType = sourcecode.c.objc; path = MainScreenTableViewCell.m; sourceTree = "<group>"; };
		138DE7F519592F51002DBC21 /* MainScreenTableViewCell.xib */ = {isa = PBXFileReference; fileEncoding = 4; lastKnownFileType = file.xib; path = MainScreenTableViewCell.xib; sourceTree = "<group>"; };
		138DE7F819594344002DBC21 /* BookCollectionViewCell.h */ = {isa = PBXFileReference; fileEncoding = 4; lastKnownFileType = sourcecode.c.h; path = BookCollectionViewCell.h; sourceTree = "<group>"; };
		138DE7F919594344002DBC21 /* BookCollectionViewCell.m */ = {isa = PBXFileReference; fileEncoding = 4; lastKnownFileType = sourcecode.c.objc; path = BookCollectionViewCell.m; sourceTree = "<group>"; };
		138DE7FA19594344002DBC21 /* BookCollectionViewCell.xib */ = {isa = PBXFileReference; fileEncoding = 4; lastKnownFileType = file.xib; path = BookCollectionViewCell.xib; sourceTree = "<group>"; };
		1391DF281985785E00A06677 /* ZLBReachability.h */ = {isa = PBXFileReference; fileEncoding = 4; lastKnownFileType = sourcecode.c.h; path = ZLBReachability.h; sourceTree = "<group>"; };
		1391DF291985785E00A06677 /* ZLBReachability.m */ = {isa = PBXFileReference; fileEncoding = 4; lastKnownFileType = sourcecode.c.objc; path = ZLBReachability.m; sourceTree = "<group>"; };
		139C65271957D1BB009BB746 /* DataController.h */ = {isa = PBXFileReference; fileEncoding = 4; lastKnownFileType = sourcecode.c.h; path = DataController.h; sourceTree = "<group>"; };
		139C65281957D1BB009BB746 /* DataController.m */ = {isa = PBXFileReference; fileEncoding = 4; lastKnownFileType = sourcecode.c.objc; path = DataController.m; sourceTree = "<group>"; };
		13AEBA76194FEEF700E3B681 /* SearchResultsTableViewCell.h */ = {isa = PBXFileReference; fileEncoding = 4; lastKnownFileType = sourcecode.c.h; path = SearchResultsTableViewCell.h; sourceTree = "<group>"; };
		13AEBA77194FEEF700E3B681 /* SearchResultsTableViewCell.m */ = {isa = PBXFileReference; fileEncoding = 4; lastKnownFileType = sourcecode.c.objc; path = SearchResultsTableViewCell.m; sourceTree = "<group>"; };
		13AEBA78194FEEF700E3B681 /* SearchResultsTableViewCell.xib */ = {isa = PBXFileReference; fileEncoding = 4; lastKnownFileType = file.xib; path = SearchResultsTableViewCell.xib; sourceTree = "<group>"; };
		13BA9F68194BF49D007980D7 /* UIView+Borders.h */ = {isa = PBXFileReference; fileEncoding = 4; lastKnownFileType = sourcecode.c.h; path = "UIView+Borders.h"; sourceTree = "<group>"; };
		13BA9F69194BF49D007980D7 /* UIView+Borders.m */ = {isa = PBXFileReference; fileEncoding = 4; lastKnownFileType = sourcecode.c.objc; path = "UIView+Borders.m"; sourceTree = "<group>"; };
		13BA9F79194C1832007980D7 /* SearchResultsViewController.h */ = {isa = PBXFileReference; fileEncoding = 4; lastKnownFileType = sourcecode.c.h; path = SearchResultsViewController.h; sourceTree = "<group>"; };
		13BA9F7A194C1832007980D7 /* SearchResultsViewController.m */ = {isa = PBXFileReference; fileEncoding = 4; lastKnownFileType = sourcecode.c.objc; path = SearchResultsViewController.m; sourceTree = "<group>"; };
		13BA9F7B194C1832007980D7 /* SearchResultsViewController.xib */ = {isa = PBXFileReference; fileEncoding = 4; lastKnownFileType = file.xib; path = SearchResultsViewController.xib; sourceTree = "<group>"; };
		13C53F40194AC05C00705DE1 /* TFBarcode.h */ = {isa = PBXFileReference; fileEncoding = 4; lastKnownFileType = sourcecode.c.h; path = TFBarcode.h; sourceTree = "<group>"; };
		13C53F41194AC05C00705DE1 /* TFBarcode.m */ = {isa = PBXFileReference; fileEncoding = 4; lastKnownFileType = sourcecode.c.objc; path = TFBarcode.m; sourceTree = "<group>"; };
		13C53F42194AC05C00705DE1 /* TFBarcodeScanner-Prefix.pch */ = {isa = PBXFileReference; fileEncoding = 4; lastKnownFileType = sourcecode.c.h; path = "TFBarcodeScanner-Prefix.pch"; sourceTree = "<group>"; };
		13C53F43194AC05C00705DE1 /* TFBarcodeScanner.h */ = {isa = PBXFileReference; fileEncoding = 4; lastKnownFileType = sourcecode.c.h; path = TFBarcodeScanner.h; sourceTree = "<group>"; };
		13C53F44194AC05C00705DE1 /* TFBarcodeScanner.m */ = {isa = PBXFileReference; fileEncoding = 4; lastKnownFileType = sourcecode.c.objc; path = TFBarcodeScanner.m; sourceTree = "<group>"; };
		13C53F45194AC05C00705DE1 /* TFBarcodeScannerViewController.h */ = {isa = PBXFileReference; fileEncoding = 4; lastKnownFileType = sourcecode.c.h; path = TFBarcodeScannerViewController.h; sourceTree = "<group>"; };
		13C53F46194AC05C00705DE1 /* TFBarcodeScannerViewController.m */ = {isa = PBXFileReference; fileEncoding = 4; lastKnownFileType = sourcecode.c.objc; path = TFBarcodeScannerViewController.m; sourceTree = "<group>"; };
		13C53F4A194AC0BF00705DE1 /* CoreGraphics.framework */ = {isa = PBXFileReference; lastKnownFileType = wrapper.framework; name = CoreGraphics.framework; path = System/Library/Frameworks/CoreGraphics.framework; sourceTree = SDKROOT; };
		13C53F4C194AC8E700705DE1 /* QuartzCore.framework */ = {isa = PBXFileReference; lastKnownFileType = wrapper.framework; name = QuartzCore.framework; path = System/Library/Frameworks/QuartzCore.framework; sourceTree = SDKROOT; };
		13D685321968DA78005C16F1 /* ChangeBookDetailsViewController.h */ = {isa = PBXFileReference; fileEncoding = 4; lastKnownFileType = sourcecode.c.h; path = ChangeBookDetailsViewController.h; sourceTree = "<group>"; };
		13D685331968DA78005C16F1 /* ChangeBookDetailsViewController.m */ = {isa = PBXFileReference; fileEncoding = 4; lastKnownFileType = sourcecode.c.objc; path = ChangeBookDetailsViewController.m; sourceTree = "<group>"; };
		13D685341968DA78005C16F1 /* ChangeBookDetailsViewController.xib */ = {isa = PBXFileReference; fileEncoding = 4; lastKnownFileType = file.xib; path = ChangeBookDetailsViewController.xib; sourceTree = "<group>"; };
		13D6853B1969E064005C16F1 /* ChangeBookDetailsResultsProtocol.h */ = {isa = PBXFileReference; fileEncoding = 4; lastKnownFileType = sourcecode.c.h; path = ChangeBookDetailsResultsProtocol.h; sourceTree = "<group>"; };
		13D6853C1969EB74005C16F1 /* DismissBookDetailProtocol.h */ = {isa = PBXFileReference; fileEncoding = 4; lastKnownFileType = sourcecode.c.h; path = DismissBookDetailProtocol.h; sourceTree = "<group>"; };
		13DB17F8195A9DDC00BB23F6 /* bannerImage11.jpg */ = {isa = PBXFileReference; lastKnownFileType = image.jpeg; path = bannerImage11.jpg; sourceTree = "<group>"; };
		1FAF38A810564B1AADA94EE8 /* libPods-BooksBooksBooks.a */ = {isa = PBXFileReference; explicitFileType = archive.ar; includeInIndex = 0; path = "libPods-BooksBooksBooks.a"; sourceTree = BUILT_PRODUCTS_DIR; };
		4B308640D4424061861B54E1 /* Pods-BooksBooksBooks.xcconfig */ = {isa = PBXFileReference; includeInIndex = 1; lastKnownFileType = text.xcconfig; name = "Pods-BooksBooksBooks.xcconfig"; path = "Pods/Pods-BooksBooksBooks.xcconfig"; sourceTree = "<group>"; };
/* End PBXFileReference section */

/* Begin PBXFrameworksBuildPhase section */
		135D69A6194A9E9300EC8C3D /* Frameworks */ = {
			isa = PBXFrameworksBuildPhase;
			buildActionMask = 2147483647;
			files = (
				13C53F4D194AC8E700705DE1 /* QuartzCore.framework in Frameworks */,
				138322AE1978C7CF00378F85 /* CloudKit.framework in Frameworks */,
				13C53F4B194AC0BF00705DE1 /* CoreGraphics.framework in Frameworks */,
				9B6CCFD4ADEB43F3AB5D0602 /* libPods-BooksBooksBooks.a in Frameworks */,
			);
			runOnlyForDeploymentPostprocessing = 0;
		};
		135D69B9194A9E9300EC8C3D /* Frameworks */ = {
			isa = PBXFrameworksBuildPhase;
			buildActionMask = 2147483647;
			files = (
			);
			runOnlyForDeploymentPostprocessing = 0;
		};
/* End PBXFrameworksBuildPhase section */

/* Begin PBXGroup section */
		13159D5D195BBFAA007B9218 /* Download Manager */ = {
			isa = PBXGroup;
			children = (
				13159D5E195BBFC0007B9218 /* DownloadManager.h */,
				13159D5F195BBFC0007B9218 /* DownloadManager.m */,
			);
			name = "Download Manager";
			sourceTree = "<group>";
		};
		13247135197AF2E200914FF1 /* Cloud Manager */ = {
			isa = PBXGroup;
			children = (
				1324713C197AF98B00914FF1 /* ZLBCloudManager.h */,
				1324713D197AF98B00914FF1 /* ZLBCloudManager.m */,
				13450BE1197B4E5200E0D2CB /* ZLBCloudConstants.h */,
				13450BE2197B4E5200E0D2CB /* ZLBCloudConstants.m */,
			);
			name = "Cloud Manager";
			sourceTree = "<group>";
		};
		133A3DBA197E1258003BB890 /* Icons */ = {
			isa = PBXGroup;
			children = (
				133A3DBB197E126A003BB890 /* search.png */,
				133A3DBC197E126A003BB890 /* search@2x.png */,
			);
			name = Icons;
			sourceTree = "<group>";
		};
		133C71861957C35A00EE6E7D /* Main Screen */ = {
			isa = PBXGroup;
			children = (
				1391DF2B19857BF800A06677 /* Main Screen Controller */,
				1391DF2C19857C0500A06677 /* Main Screen TableView Cells */,
				1391DF2D19857C1F00A06677 /* Book Collection Cell */,
				1327758B195A896700C96B5F /* BookShelf.h */,
				1327758C195A896700C96B5F /* BookShelf.m */,
				13159D5A195BB69F007B9218 /* MainScreenHeaderView.h */,
				13159D5B195BB69F007B9218 /* MainScreenHeaderView.m */,
			);
			name = "Main Screen";
			sourceTree = "<group>";
		};
		133C71911957CBE300EE6E7D /* Book Detail Controller */ = {
			isa = PBXGroup;
			children = (
				133C718C1957CBDE00EE6E7D /* BookDetailViewController.h */,
				133C718D1957CBDE00EE6E7D /* BookDetailViewController.m */,
				133C718E1957CBDE00EE6E7D /* BookDetailViewController.xib */,
			);
			name = "Book Detail Controller";
			sourceTree = "<group>";
		};
		13416F17195FB88A00F653DF /* Banner Images */ = {
			isa = PBXGroup;
			children = (
				13416F2C195FBE6F00F653DF /* bannerImage12.jpg */,
				13416F2D195FBE6F00F653DF /* bannerImage13.jpg */,
				13416F2E195FBE6F00F653DF /* bannerImage14.jpg */,
				13416F2F195FBE6F00F653DF /* bannerImage15.jpg */,
				13416F30195FBE6F00F653DF /* bannerImage16.jpg */,
				13416F31195FBE6F00F653DF /* bannerImage17.jpg */,
				13416F32195FBE6F00F653DF /* bannerImage18.jpg */,
				13416F33195FBE6F00F653DF /* bannerImage19.jpg */,
				13416F34195FBE6F00F653DF /* bannerImage20.jpg */,
				13416F35195FBE6F00F653DF /* bannerImage21.jpg */,
				13416F36195FBE6F00F653DF /* bannerImage22.jpg */,
				13416F37195FBE6F00F653DF /* bannerImage23.jpg */,
				13416F38195FBE6F00F653DF /* bannerImage24.jpg */,
				13416F18195FB89600F653DF /* bannerImage1.jpg */,
				13416F19195FB89600F653DF /* bannerImage2.jpg */,
				13416F1A195FB89600F653DF /* bannerImage3.jpg */,
				13416F1B195FB89600F653DF /* bannerImage4.jpg */,
				13416F1C195FB89600F653DF /* bannerImage5.jpg */,
				13416F1D195FB89600F653DF /* bannerImage6.jpg */,
				13416F1E195FB89600F653DF /* bannerImage7.jpg */,
				13416F1F195FB89600F653DF /* bannerImage8.jpg */,
				13416F20195FB89600F653DF /* bannerImage9.jpg */,
				13416F21195FB89600F653DF /* bannerImage10.jpg */,
				13DB17F8195A9DDC00BB23F6 /* bannerImage11.jpg */,
			);
			name = "Banner Images";
			sourceTree = "<group>";
		};
		135D69A0194A9E9300EC8C3D = {
			isa = PBXGroup;
			children = (
				135D69AB194A9E9300EC8C3D /* BooksBooksBooks */,
				135D69BF194A9E9300EC8C3D /* BooksBooksBooksTests */,
				135D69AA194A9E9300EC8C3D /* Products */,
				4B308640D4424061861B54E1 /* Pods-BooksBooksBooks.xcconfig */,
				D54EC05822D747759BF2D001 /* Frameworks */,
			);
			sourceTree = "<group>";
		};
		135D69AA194A9E9300EC8C3D /* Products */ = {
			isa = PBXGroup;
			children = (
				135D69A9194A9E9300EC8C3D /* BooksBooksBooks.app */,
				135D69BC194A9E9300EC8C3D /* BooksBooksBooksTests.xctest */,
			);
			name = Products;
			sourceTree = "<group>";
		};
		135D69AB194A9E9300EC8C3D /* BooksBooksBooks */ = {
			isa = PBXGroup;
			children = (
				138322AC1978C7C500378F85 /* BooksBooksBooks.entitlements */,
				135D69CD194AA5ED00EC8C3D /* App Delegate */,
				1391DF3019857C6900A06677 /* Main Screens */,
				1391DF3119857C7200A06677 /* Custom Controls */,
				135D69AC194A9E9300EC8C3D /* Supporting Files */,
			);
			path = BooksBooksBooks;
			sourceTree = "<group>";
		};
		135D69AC194A9E9300EC8C3D /* Supporting Files */ = {
			isa = PBXGroup;
			children = (
				135D69B6194A9E9300EC8C3D /* Images.xcassets */,
				1391DF271985784A00A06677 /* Reachability */,
				13247135197AF2E200914FF1 /* Cloud Manager */,
				135E72FE196CFED6001B24D9 /* Analytics Helpers */,
				1361557E195F58B9004B8095 /* Protocols */,
				13159D5D195BBFAA007B9218 /* Download Manager */,
				139C652A1957D1C0009BB746 /* Data Controller */,
				13BA9F67194BF491007980D7 /* Borders */,
				13C53F3F194AC05C00705DE1 /* TFBarcodeScanner */,
				135D69E1194AAD8C00EC8C3D /* Images */,
				135D69AD194A9E9300EC8C3D /* Info.plist */,
				135D69AE194A9E9300EC8C3D /* main.m */,
				135D69CC194A9EF000EC8C3D /* Constants.h */,
			);
			name = "Supporting Files";
			sourceTree = "<group>";
		};
		135D69BF194A9E9300EC8C3D /* BooksBooksBooksTests */ = {
			isa = PBXGroup;
			children = (
				135D69C2194A9E9300EC8C3D /* BooksBooksBooksTests.m */,
				135D69C0194A9E9300EC8C3D /* Supporting Files */,
			);
			path = BooksBooksBooksTests;
			sourceTree = "<group>";
		};
		135D69C0194A9E9300EC8C3D /* Supporting Files */ = {
			isa = PBXGroup;
			children = (
				135D69C1194A9E9300EC8C3D /* Info.plist */,
			);
			name = "Supporting Files";
			sourceTree = "<group>";
		};
		135D69CD194AA5ED00EC8C3D /* App Delegate */ = {
			isa = PBXGroup;
			children = (
				135D69B0194A9E9300EC8C3D /* AppDelegate.h */,
				135D69B1194A9E9300EC8C3D /* AppDelegate.m */,
			);
			name = "App Delegate";
			sourceTree = "<group>";
		};
		135D69D4194AA8E300EC8C3D /* Add View Controller */ = {
			isa = PBXGroup;
			children = (
				135D69D5194AA90000EC8C3D /* AddViewController.h */,
				135D69D6194AA90000EC8C3D /* AddViewController.m */,
				135D69D7194AA90000EC8C3D /* AddViewController.xib */,
			);
			name = "Add View Controller";
			sourceTree = "<group>";
		};
		135D69E1194AAD8C00EC8C3D /* Images */ = {
			isa = PBXGroup;
			children = (
				133A3DBA197E1258003BB890 /* Icons */,
				13416F17195FB88A00F653DF /* Banner Images */,
				13416F15195FAB4700F653DF /* quotes.json */,
			);
			name = Images;
			sourceTree = "<group>";
		};
		135E72FE196CFED6001B24D9 /* Analytics Helpers */ = {
			isa = PBXGroup;
			children = (
				135E72FF196CFEEE001B24D9 /* ZLBAnalytics.h */,
				135E7300196CFEEE001B24D9 /* ZLBAnalytics.m */,
			);
			name = "Analytics Helpers";
			sourceTree = "<group>";
		};
		1361557E195F58B9004B8095 /* Protocols */ = {
			isa = PBXGroup;
			children = (
				1361557F195F58DD004B8095 /* PushViewControllerProtocol.h */,
				13D6853B1969E064005C16F1 /* ChangeBookDetailsResultsProtocol.h */,
				13D6853C1969EB74005C16F1 /* DismissBookDetailProtocol.h */,
			);
			name = Protocols;
			sourceTree = "<group>";
		};
		1391DF271985784A00A06677 /* Reachability */ = {
			isa = PBXGroup;
			children = (
				1391DF281985785E00A06677 /* ZLBReachability.h */,
				1391DF291985785E00A06677 /* ZLBReachability.m */,
			);
			name = Reachability;
			sourceTree = "<group>";
		};
		1391DF2B19857BF800A06677 /* Main Screen Controller */ = {
			isa = PBXGroup;
			children = (
				133C71871957C37100EE6E7D /* MainScreenViewController.h */,
				133C71881957C37100EE6E7D /* MainScreenViewController.m */,
				133C71891957C37100EE6E7D /* MainScreenViewController.xib */,
			);
			name = "Main Screen Controller";
			sourceTree = "<group>";
		};
		1391DF2C19857C0500A06677 /* Main Screen TableView Cells */ = {
			isa = PBXGroup;
			children = (
				138DE7F319592F51002DBC21 /* MainScreenTableViewCell.h */,
				138DE7F419592F51002DBC21 /* MainScreenTableViewCell.m */,
				138DE7F519592F51002DBC21 /* MainScreenTableViewCell.xib */,
			);
			name = "Main Screen TableView Cells";
			sourceTree = "<group>";
		};
		1391DF2D19857C1F00A06677 /* Book Collection Cell */ = {
			isa = PBXGroup;
			children = (
				138DE7F819594344002DBC21 /* BookCollectionViewCell.h */,
				138DE7F919594344002DBC21 /* BookCollectionViewCell.m */,
				138DE7FA19594344002DBC21 /* BookCollectionViewCell.xib */,
			);
			name = "Book Collection Cell";
			sourceTree = "<group>";
		};
		1391DF2E19857C4000A06677 /* Search Results Controller */ = {
			isa = PBXGroup;
			children = (
				13BA9F79194C1832007980D7 /* SearchResultsViewController.h */,
				13BA9F7A194C1832007980D7 /* SearchResultsViewController.m */,
				13BA9F7B194C1832007980D7 /* SearchResultsViewController.xib */,
			);
			name = "Search Results Controller";
			sourceTree = "<group>";
		};
		1391DF2F19857C4D00A06677 /* Search Results TableView Cell */ = {
			isa = PBXGroup;
			children = (
				13AEBA76194FEEF700E3B681 /* SearchResultsTableViewCell.h */,
				13AEBA77194FEEF700E3B681 /* SearchResultsTableViewCell.m */,
				13AEBA78194FEEF700E3B681 /* SearchResultsTableViewCell.xib */,
			);
			name = "Search Results TableView Cell";
			sourceTree = "<group>";
		};
		1391DF3019857C6900A06677 /* Main Screens */ = {
			isa = PBXGroup;
			children = (
				13D685371968DA80005C16F1 /* Change Book Details Controller */,
				133C71911957CBE300EE6E7D /* Book Detail Controller */,
				133C71861957C35A00EE6E7D /* Main Screen */,
				135D69D4194AA8E300EC8C3D /* Add View Controller */,
				13BA9F78194C1817007980D7 /* Search Results Controller */,
			);
			name = "Main Screens";
			sourceTree = "<group>";
		};
		1391DF3119857C7200A06677 /* Custom Controls */ = {
			isa = PBXGroup;
			children = (
				1366F09019857CFA0044190A /* UIViewController+ZLBBannerView.h */,
				1366F09119857CFA0044190A /* UIViewController+ZLBBannerView.m */,
			);
			name = "Custom Controls";
			sourceTree = "<group>";
		};
		139C652A1957D1C0009BB746 /* Data Controller */ = {
			isa = PBXGroup;
			children = (
				135D69B3194A9E9300EC8C3D /* BooksBooksBooks.xcdatamodeld */,
				13247142197B40C100914FF1 /* Book.h */,
				13247143197B40C100914FF1 /* Book.m */,
				139C65271957D1BB009BB746 /* DataController.h */,
				139C65281957D1BB009BB746 /* DataController.m */,
				135FC37C19592371007C5D1D /* Book+Constants.h */,
				135FC37D19592371007C5D1D /* Book+Constants.m */,
			);
			name = "Data Controller";
			sourceTree = "<group>";
		};
		13BA9F67194BF491007980D7 /* Borders */ = {
			isa = PBXGroup;
			children = (
				13BA9F68194BF49D007980D7 /* UIView+Borders.h */,
				13BA9F69194BF49D007980D7 /* UIView+Borders.m */,
			);
			name = Borders;
			sourceTree = "<group>";
		};
		13BA9F78194C1817007980D7 /* Search Results Controller */ = {
			isa = PBXGroup;
			children = (
				1391DF2E19857C4000A06677 /* Search Results Controller */,
				1391DF2F19857C4D00A06677 /* Search Results TableView Cell */,
			);
			name = "Search Results Controller";
			sourceTree = "<group>";
		};
		13C53F3F194AC05C00705DE1 /* TFBarcodeScanner */ = {
			isa = PBXGroup;
			children = (
				13C53F40194AC05C00705DE1 /* TFBarcode.h */,
				13C53F41194AC05C00705DE1 /* TFBarcode.m */,
				13C53F42194AC05C00705DE1 /* TFBarcodeScanner-Prefix.pch */,
				13C53F43194AC05C00705DE1 /* TFBarcodeScanner.h */,
				13C53F44194AC05C00705DE1 /* TFBarcodeScanner.m */,
				13C53F45194AC05C00705DE1 /* TFBarcodeScannerViewController.h */,
				13C53F46194AC05C00705DE1 /* TFBarcodeScannerViewController.m */,
			);
			path = TFBarcodeScanner;
			sourceTree = "<group>";
		};
		13D685371968DA80005C16F1 /* Change Book Details Controller */ = {
			isa = PBXGroup;
			children = (
				13D685321968DA78005C16F1 /* ChangeBookDetailsViewController.h */,
				13D685331968DA78005C16F1 /* ChangeBookDetailsViewController.m */,
				13D685341968DA78005C16F1 /* ChangeBookDetailsViewController.xib */,
			);
			name = "Change Book Details Controller";
			sourceTree = "<group>";
		};
		D54EC05822D747759BF2D001 /* Frameworks */ = {
			isa = PBXGroup;
			children = (
				138322AD1978C7CF00378F85 /* CloudKit.framework */,
				13C53F4C194AC8E700705DE1 /* QuartzCore.framework */,
				13C53F4A194AC0BF00705DE1 /* CoreGraphics.framework */,
				1FAF38A810564B1AADA94EE8 /* libPods-BooksBooksBooks.a */,
			);
			name = Frameworks;
			sourceTree = "<group>";
		};
/* End PBXGroup section */

/* Begin PBXNativeTarget section */
		135D69A8194A9E9300EC8C3D /* BooksBooksBooks */ = {
			isa = PBXNativeTarget;
			buildConfigurationList = 135D69C6194A9E9300EC8C3D /* Build configuration list for PBXNativeTarget "BooksBooksBooks" */;
			buildPhases = (
				473F9359F42C40D3961922F3 /* Check Pods Manifest.lock */,
				135D69A5194A9E9300EC8C3D /* Sources */,
				135D69A6194A9E9300EC8C3D /* Frameworks */,
				135D69A7194A9E9300EC8C3D /* Resources */,
				CBAFAE859AEC4FE2897B7654 /* Copy Pods Resources */,
			);
			buildRules = (
			);
			dependencies = (
			);
			name = BooksBooksBooks;
			productName = BooksBooksBooks;
			productReference = 135D69A9194A9E9300EC8C3D /* BooksBooksBooks.app */;
			productType = "com.apple.product-type.application";
		};
		135D69BB194A9E9300EC8C3D /* BooksBooksBooksTests */ = {
			isa = PBXNativeTarget;
			buildConfigurationList = 135D69C9194A9E9300EC8C3D /* Build configuration list for PBXNativeTarget "BooksBooksBooksTests" */;
			buildPhases = (
				135D69B8194A9E9300EC8C3D /* Sources */,
				135D69B9194A9E9300EC8C3D /* Frameworks */,
				135D69BA194A9E9300EC8C3D /* Resources */,
			);
			buildRules = (
			);
			dependencies = (
				135D69BE194A9E9300EC8C3D /* PBXTargetDependency */,
			);
			name = BooksBooksBooksTests;
			productName = BooksBooksBooksTests;
			productReference = 135D69BC194A9E9300EC8C3D /* BooksBooksBooksTests.xctest */;
			productType = "com.apple.product-type.bundle.unit-test";
		};
/* End PBXNativeTarget section */

/* Begin PBXProject section */
		135D69A1194A9E9300EC8C3D /* Project object */ = {
			isa = PBXProject;
			attributes = {
				CLASSPREFIX = ZLB;
				LastUpgradeCheck = 0600;
				ORGANIZATIONNAME = zackliston;
				TargetAttributes = {
					135D69A8194A9E9300EC8C3D = {
						CreatedOnToolsVersion = 6.0;
						DevelopmentTeam = Q5NJ4B232C;
						SystemCapabilities = {
							com.apple.BackgroundModes = {
								enabled = 1;
							};
							com.apple.iCloud = {
								enabled = 1;
							};
						};
					};
					135D69BB194A9E9300EC8C3D = {
						CreatedOnToolsVersion = 6.0;
						TestTargetID = 135D69A8194A9E9300EC8C3D;
					};
				};
			};
			buildConfigurationList = 135D69A4194A9E9300EC8C3D /* Build configuration list for PBXProject "BooksBooksBooks" */;
			compatibilityVersion = "Xcode 3.2";
			developmentRegion = English;
			hasScannedForEncodings = 0;
			knownRegions = (
				en,
			);
			mainGroup = 135D69A0194A9E9300EC8C3D;
			productRefGroup = 135D69AA194A9E9300EC8C3D /* Products */;
			projectDirPath = "";
			projectRoot = "";
			targets = (
				135D69A8194A9E9300EC8C3D /* BooksBooksBooks */,
				135D69BB194A9E9300EC8C3D /* BooksBooksBooksTests */,
			);
		};
/* End PBXProject section */

/* Begin PBXResourcesBuildPhase section */
		135D69A7194A9E9300EC8C3D /* Resources */ = {
			isa = PBXResourcesBuildPhase;
			buildActionMask = 2147483647;
			files = (
				13416F45195FBE6F00F653DF /* bannerImage24.jpg in Resources */,
				13416F22195FB89600F653DF /* bannerImage1.jpg in Resources */,
				13BA9F7D194C1832007980D7 /* SearchResultsViewController.xib in Resources */,
				13416F25195FB89600F653DF /* bannerImage4.jpg in Resources */,
				13416F40195FBE6F00F653DF /* bannerImage19.jpg in Resources */,
				13416F39195FBE6F00F653DF /* bannerImage12.jpg in Resources */,
				13416F2A195FB89600F653DF /* bannerImage9.jpg in Resources */,
				13416F42195FBE6F00F653DF /* bannerImage21.jpg in Resources */,
				13416F26195FB89600F653DF /* bannerImage5.jpg in Resources */,
				13DB17F9195A9DDC00BB23F6 /* bannerImage11.jpg in Resources */,
				135D69D9194AA90000EC8C3D /* AddViewController.xib in Resources */,
				13416F43195FBE6F00F653DF /* bannerImage22.jpg in Resources */,
				133C71901957CBDE00EE6E7D /* BookDetailViewController.xib in Resources */,
				133A3DBE197E126A003BB890 /* search@2x.png in Resources */,
				138DE7F719592F51002DBC21 /* MainScreenTableViewCell.xib in Resources */,
				13416F23195FB89600F653DF /* bannerImage2.jpg in Resources */,
				13416F3E195FBE6F00F653DF /* bannerImage17.jpg in Resources */,
				13AEBA7A194FEEF700E3B681 /* SearchResultsTableViewCell.xib in Resources */,
				133C718B1957C37100EE6E7D /* MainScreenViewController.xib in Resources */,
				13D685361968DA78005C16F1 /* ChangeBookDetailsViewController.xib in Resources */,
				13416F16195FAB4700F653DF /* quotes.json in Resources */,
				13416F29195FB89600F653DF /* bannerImage8.jpg in Resources */,
				133A3DBD197E126A003BB890 /* search.png in Resources */,
				13416F3C195FBE6F00F653DF /* bannerImage15.jpg in Resources */,
				13416F3D195FBE6F00F653DF /* bannerImage16.jpg in Resources */,
				13416F3F195FBE6F00F653DF /* bannerImage18.jpg in Resources */,
				135D69B7194A9E9300EC8C3D /* Images.xcassets in Resources */,
				13416F24195FB89600F653DF /* bannerImage3.jpg in Resources */,
				13416F27195FB89600F653DF /* bannerImage6.jpg in Resources */,
				138DE7FC19594344002DBC21 /* BookCollectionViewCell.xib in Resources */,
				13416F3A195FBE6F00F653DF /* bannerImage13.jpg in Resources */,
				13416F3B195FBE6F00F653DF /* bannerImage14.jpg in Resources */,
				13416F2B195FB89600F653DF /* bannerImage10.jpg in Resources */,
				13416F28195FB89600F653DF /* bannerImage7.jpg in Resources */,
				13416F44195FBE6F00F653DF /* bannerImage23.jpg in Resources */,
				13416F41195FBE6F00F653DF /* bannerImage20.jpg in Resources */,
			);
			runOnlyForDeploymentPostprocessing = 0;
		};
		135D69BA194A9E9300EC8C3D /* Resources */ = {
			isa = PBXResourcesBuildPhase;
			buildActionMask = 2147483647;
			files = (
			);
			runOnlyForDeploymentPostprocessing = 0;
		};
/* End PBXResourcesBuildPhase section */

/* Begin PBXShellScriptBuildPhase section */
		473F9359F42C40D3961922F3 /* Check Pods Manifest.lock */ = {
			isa = PBXShellScriptBuildPhase;
			buildActionMask = 2147483647;
			files = (
			);
			inputPaths = (
			);
			name = "Check Pods Manifest.lock";
			outputPaths = (
			);
			runOnlyForDeploymentPostprocessing = 0;
			shellPath = /bin/sh;
			shellScript = "diff \"${PODS_ROOT}/../Podfile.lock\" \"${PODS_ROOT}/Manifest.lock\" > /dev/null\nif [[ $? != 0 ]] ; then\n    cat << EOM\nerror: The sandbox is not in sync with the Podfile.lock. Run 'pod install' or update your CocoaPods installation.\nEOM\n    exit 1\nfi\n";
			showEnvVarsInLog = 0;
		};
		CBAFAE859AEC4FE2897B7654 /* Copy Pods Resources */ = {
			isa = PBXShellScriptBuildPhase;
			buildActionMask = 2147483647;
			files = (
			);
			inputPaths = (
			);
			name = "Copy Pods Resources";
			outputPaths = (
			);
			runOnlyForDeploymentPostprocessing = 0;
			shellPath = /bin/sh;
			shellScript = "\"${SRCROOT}/Pods/Pods-BooksBooksBooks-resources.sh\"\n";
			showEnvVarsInLog = 0;
		};
/* End PBXShellScriptBuildPhase section */

/* Begin PBXSourcesBuildPhase section */
		135D69A5194A9E9300EC8C3D /* Sources */ = {
			isa = PBXSourcesBuildPhase;
			buildActionMask = 2147483647;
			files = (
				135D69D8194AA90000EC8C3D /* AddViewController.m in Sources */,
				1327758D195A896700C96B5F /* BookShelf.m in Sources */,
				139C65291957D1BB009BB746 /* DataController.m in Sources */,
				13159D60195BBFC0007B9218 /* DownloadManager.m in Sources */,
				13C53F48194AC05C00705DE1 /* TFBarcodeScanner.m in Sources */,
				1324713E197AF98B00914FF1 /* ZLBCloudManager.m in Sources */,
				135E7301196CFEEE001B24D9 /* ZLBAnalytics.m in Sources */,
				138DE7FB19594344002DBC21 /* BookCollectionViewCell.m in Sources */,
				133C718F1957CBDE00EE6E7D /* BookDetailViewController.m in Sources */,
				135FC37E19592371007C5D1D /* Book+Constants.m in Sources */,
				13450BE3197B4E5200E0D2CB /* ZLBCloudConstants.m in Sources */,
				13247144197B40C100914FF1 /* Book.m in Sources */,
				13AEBA79194FEEF700E3B681 /* SearchResultsTableViewCell.m in Sources */,
				13BA9F7C194C1832007980D7 /* SearchResultsViewController.m in Sources */,
				1391DF2A1985785E00A06677 /* ZLBReachability.m in Sources */,
				135D69B2194A9E9300EC8C3D /* AppDelegate.m in Sources */,
				13BA9F6A194BF49D007980D7 /* UIView+Borders.m in Sources */,
				13D685351968DA78005C16F1 /* ChangeBookDetailsViewController.m in Sources */,
				135D69AF194A9E9300EC8C3D /* main.m in Sources */,
				13159D5C195BB69F007B9218 /* MainScreenHeaderView.m in Sources */,
				1366F09219857CFA0044190A /* UIViewController+ZLBBannerView.m in Sources */,
				13C53F49194AC05C00705DE1 /* TFBarcodeScannerViewController.m in Sources */,
				138DE7F619592F51002DBC21 /* MainScreenTableViewCell.m in Sources */,
				133C718A1957C37100EE6E7D /* MainScreenViewController.m in Sources */,
				13C53F47194AC05C00705DE1 /* TFBarcode.m in Sources */,
				135D69B5194A9E9300EC8C3D /* BooksBooksBooks.xcdatamodeld in Sources */,
			);
			runOnlyForDeploymentPostprocessing = 0;
		};
		135D69B8194A9E9300EC8C3D /* Sources */ = {
			isa = PBXSourcesBuildPhase;
			buildActionMask = 2147483647;
			files = (
				135D69C3194A9E9300EC8C3D /* BooksBooksBooksTests.m in Sources */,
			);
			runOnlyForDeploymentPostprocessing = 0;
		};
/* End PBXSourcesBuildPhase section */

/* Begin PBXTargetDependency section */
		135D69BE194A9E9300EC8C3D /* PBXTargetDependency */ = {
			isa = PBXTargetDependency;
			target = 135D69A8194A9E9300EC8C3D /* BooksBooksBooks */;
			targetProxy = 135D69BD194A9E9300EC8C3D /* PBXContainerItemProxy */;
		};
/* End PBXTargetDependency section */

/* Begin XCBuildConfiguration section */
		135D69C4194A9E9300EC8C3D /* Debug */ = {
			isa = XCBuildConfiguration;
			buildSettings = {
				ALWAYS_SEARCH_USER_PATHS = NO;
				CLANG_CXX_LANGUAGE_STANDARD = "gnu++0x";
				CLANG_CXX_LIBRARY = "libc++";
				CLANG_ENABLE_MODULES = YES;
				CLANG_ENABLE_OBJC_ARC = YES;
				CLANG_WARN_BOOL_CONVERSION = YES;
				CLANG_WARN_CONSTANT_CONVERSION = YES;
				CLANG_WARN_DIRECT_OBJC_ISA_USAGE = YES_ERROR;
				CLANG_WARN_EMPTY_BODY = YES;
				CLANG_WARN_ENUM_CONVERSION = YES;
				CLANG_WARN_INT_CONVERSION = YES;
				CLANG_WARN_OBJC_ROOT_CLASS = YES_ERROR;
				CLANG_WARN_UNREACHABLE_CODE = YES;
				CLANG_WARN__DUPLICATE_METHOD_MATCH = YES;
				"CODE_SIGN_IDENTITY[sdk=iphoneos*]" = "iPhone Developer";
				COPY_PHASE_STRIP = NO;
				ENABLE_STRICT_OBJC_MSGSEND = YES;
				GCC_C_LANGUAGE_STANDARD = gnu99;
				GCC_DYNAMIC_NO_PIC = NO;
				GCC_OPTIMIZATION_LEVEL = 0;
				GCC_PREPROCESSOR_DEFINITIONS = (
					"DEBUG=1",
					"$(inherited)",
				);
				GCC_SYMBOLS_PRIVATE_EXTERN = NO;
				GCC_WARN_64_TO_32_BIT_CONVERSION = YES;
				GCC_WARN_ABOUT_RETURN_TYPE = YES_ERROR;
				GCC_WARN_UNDECLARED_SELECTOR = YES;
				GCC_WARN_UNINITIALIZED_AUTOS = YES_AGGRESSIVE;
				GCC_WARN_UNUSED_FUNCTION = YES;
				GCC_WARN_UNUSED_VARIABLE = YES;
				IPHONEOS_DEPLOYMENT_TARGET = 8.0;
				METAL_ENABLE_DEBUG_INFO = YES;
				ONLY_ACTIVE_ARCH = YES;
				SDKROOT = iphoneos;
			};
			name = Debug;
		};
		135D69C5194A9E9300EC8C3D /* Release */ = {
			isa = XCBuildConfiguration;
			buildSettings = {
				ALWAYS_SEARCH_USER_PATHS = NO;
				CLANG_CXX_LANGUAGE_STANDARD = "gnu++0x";
				CLANG_CXX_LIBRARY = "libc++";
				CLANG_ENABLE_MODULES = YES;
				CLANG_ENABLE_OBJC_ARC = YES;
				CLANG_WARN_BOOL_CONVERSION = YES;
				CLANG_WARN_CONSTANT_CONVERSION = YES;
				CLANG_WARN_DIRECT_OBJC_ISA_USAGE = YES_ERROR;
				CLANG_WARN_EMPTY_BODY = YES;
				CLANG_WARN_ENUM_CONVERSION = YES;
				CLANG_WARN_INT_CONVERSION = YES;
				CLANG_WARN_OBJC_ROOT_CLASS = YES_ERROR;
				CLANG_WARN_UNREACHABLE_CODE = YES;
				CLANG_WARN__DUPLICATE_METHOD_MATCH = YES;
				"CODE_SIGN_IDENTITY[sdk=iphoneos*]" = "iPhone Developer";
				COPY_PHASE_STRIP = YES;
				ENABLE_NS_ASSERTIONS = NO;
				ENABLE_STRICT_OBJC_MSGSEND = YES;
				GCC_C_LANGUAGE_STANDARD = gnu99;
				GCC_WARN_64_TO_32_BIT_CONVERSION = YES;
				GCC_WARN_ABOUT_RETURN_TYPE = YES_ERROR;
				GCC_WARN_UNDECLARED_SELECTOR = YES;
				GCC_WARN_UNINITIALIZED_AUTOS = YES_AGGRESSIVE;
				GCC_WARN_UNUSED_FUNCTION = YES;
				GCC_WARN_UNUSED_VARIABLE = YES;
				IPHONEOS_DEPLOYMENT_TARGET = 8.0;
				METAL_ENABLE_DEBUG_INFO = NO;
				SDKROOT = iphoneos;
				VALIDATE_PRODUCT = YES;
			};
			name = Release;
		};
		135D69C7194A9E9300EC8C3D /* Debug */ = {
			isa = XCBuildConfiguration;
			baseConfigurationReference = 4B308640D4424061861B54E1 /* Pods-BooksBooksBooks.xcconfig */;
			buildSettings = {
				ASSETCATALOG_COMPILER_APPICON_NAME = AppIcon;
				ASSETCATALOG_COMPILER_LAUNCHIMAGE_NAME = LaunchImage;
				CLANG_ENABLE_MODULES = YES;
				CODE_SIGN_ENTITLEMENTS = BooksBooksBooks/BooksBooksBooks.entitlements;
				CODE_SIGN_IDENTITY = "iPhone Developer";
				"CODE_SIGN_IDENTITY[sdk=iphoneos*]" = "iPhone Developer";
				INFOPLIST_FILE = BooksBooksBooks/Info.plist;
				IPHONEOS_DEPLOYMENT_TARGET = 7.1;
				LD_RUNPATH_SEARCH_PATHS = "$(inherited) @executable_path/Frameworks";
				PRODUCT_NAME = "$(TARGET_NAME)";
				PROVISIONING_PROFILE = "";
				SWIFT_OBJC_BRIDGING_HEADER = "BooksBooksBooks/BooksBooksBooks-Bridging-Header.h";
				SWIFT_OPTIMIZATION_LEVEL = "-Onone";
			};
			name = Debug;
		};
		135D69C8194A9E9300EC8C3D /* Release */ = {
			isa = XCBuildConfiguration;
			baseConfigurationReference = 4B308640D4424061861B54E1 /* Pods-BooksBooksBooks.xcconfig */;
			buildSettings = {
				ASSETCATALOG_COMPILER_APPICON_NAME = AppIcon;
				ASSETCATALOG_COMPILER_LAUNCHIMAGE_NAME = LaunchImage;
				CLANG_ENABLE_MODULES = YES;
				CODE_SIGN_ENTITLEMENTS = BooksBooksBooks/BooksBooksBooks.entitlements;
				CODE_SIGN_IDENTITY = "iPhone Developer";
				"CODE_SIGN_IDENTITY[sdk=iphoneos*]" = "iPhone Developer";
				INFOPLIST_FILE = BooksBooksBooks/Info.plist;
				IPHONEOS_DEPLOYMENT_TARGET = 7.1;
				LD_RUNPATH_SEARCH_PATHS = "$(inherited) @executable_path/Frameworks";
				PRODUCT_NAME = "$(TARGET_NAME)";
				PROVISIONING_PROFILE = "";
				SWIFT_OBJC_BRIDGING_HEADER = "BooksBooksBooks/BooksBooksBooks-Bridging-Header.h";
			};
			name = Release;
		};
		135D69CA194A9E9300EC8C3D /* Debug */ = {
			isa = XCBuildConfiguration;
			buildSettings = {
				BUNDLE_LOADER = "$(BUILT_PRODUCTS_DIR)/BooksBooksBooks.app/BooksBooksBooks";
				FRAMEWORK_SEARCH_PATHS = (
					"$(SDKROOT)/Developer/Library/Frameworks",
					"$(inherited)",
				);
				GCC_PREPROCESSOR_DEFINITIONS = (
					"DEBUG=1",
					"$(inherited)",
				);
				INFOPLIST_FILE = BooksBooksBooksTests/Info.plist;
				IPHONEOS_DEPLOYMENT_TARGET = 7.1;
				LD_RUNPATH_SEARCH_PATHS = "$(inherited) @executable_path/Frameworks @loader_path/Frameworks";
				METAL_ENABLE_DEBUG_INFO = YES;
				PRODUCT_NAME = "$(TARGET_NAME)";
				TEST_HOST = "$(BUNDLE_LOADER)";
			};
			name = Debug;
		};
		135D69CB194A9E9300EC8C3D /* Release */ = {
			isa = XCBuildConfiguration;
			buildSettings = {
				BUNDLE_LOADER = "$(BUILT_PRODUCTS_DIR)/BooksBooksBooks.app/BooksBooksBooks";
				FRAMEWORK_SEARCH_PATHS = (
					"$(SDKROOT)/Developer/Library/Frameworks",
					"$(inherited)",
				);
				INFOPLIST_FILE = BooksBooksBooksTests/Info.plist;
				IPHONEOS_DEPLOYMENT_TARGET = 7.1;
				LD_RUNPATH_SEARCH_PATHS = "$(inherited) @executable_path/Frameworks @loader_path/Frameworks";
				METAL_ENABLE_DEBUG_INFO = NO;
				PRODUCT_NAME = "$(TARGET_NAME)";
				TEST_HOST = "$(BUNDLE_LOADER)";
			};
			name = Release;
		};
/* End XCBuildConfiguration section */

/* Begin XCConfigurationList section */
		135D69A4194A9E9300EC8C3D /* Build configuration list for PBXProject "BooksBooksBooks" */ = {
			isa = XCConfigurationList;
			buildConfigurations = (
				135D69C4194A9E9300EC8C3D /* Debug */,
				135D69C5194A9E9300EC8C3D /* Release */,
			);
			defaultConfigurationIsVisible = 0;
			defaultConfigurationName = Release;
		};
		135D69C6194A9E9300EC8C3D /* Build configuration list for PBXNativeTarget "BooksBooksBooks" */ = {
			isa = XCConfigurationList;
			buildConfigurations = (
				135D69C7194A9E9300EC8C3D /* Debug */,
				135D69C8194A9E9300EC8C3D /* Release */,
			);
			defaultConfigurationIsVisible = 0;
			defaultConfigurationName = Release;
		};
		135D69C9194A9E9300EC8C3D /* Build configuration list for PBXNativeTarget "BooksBooksBooksTests" */ = {
			isa = XCConfigurationList;
			buildConfigurations = (
				135D69CA194A9E9300EC8C3D /* Debug */,
				135D69CB194A9E9300EC8C3D /* Release */,
			);
			defaultConfigurationIsVisible = 0;
			defaultConfigurationName = Release;
		};
/* End XCConfigurationList section */

/* Begin XCVersionGroup section */
		135D69B3194A9E9300EC8C3D /* BooksBooksBooks.xcdatamodeld */ = {
			isa = XCVersionGroup;
			children = (
				135D69B4194A9E9300EC8C3D /* BooksBooksBooks.xcdatamodel */,
			);
			currentVersion = 135D69B4194A9E9300EC8C3D /* BooksBooksBooks.xcdatamodel */;
			path = BooksBooksBooks.xcdatamodeld;
			sourceTree = "<group>";
			versionGroupType = wrapper.xcdatamodel;
		};
/* End XCVersionGroup section */
	};
	rootObject = 135D69A1194A9E9300EC8C3D /* Project object */;
}
